Microsoft Visual Studio Solution File, Format Version 12.00
Project("{FAE04EC0-301F-11D3-BF4B-00C04F79EFBC}") = "LdapForNet.Tests", "LdapForNet.Tests\LdapForNet.Tests.csproj", "{06A35ED3-76EA-47F3-83EA-A1F39BC3F5D7}"
EndProject
Project("{FAE04EC0-301F-11D3-BF4B-00C04F79EFBC}") = "LdapForNet", "LdapForNet\LdapForNet.csproj", "{BD3159AA-4A81-4DDB-BDB7-6E262FBE41D0}"
EndProject
Global
	GlobalSection(SolutionConfigurationPlatforms) = preSolution
		Debug|Any CPU = Debug|Any CPU
		Release|Any CPU = Release|Any CPU
	EndGlobalSection
	GlobalSection(ProjectConfigurationPlatforms) = postSolution
		{06A35ED3-76EA-47F3-83EA-A1F39BC3F5D7}.Debug|Any CPU.ActiveCfg = Debug|Any CPU
		{06A35ED3-76EA-47F3-83EA-A1F39BC3F5D7}.Debug|Any CPU.Build.0 = Debug|Any CPU
		{06A35ED3-76EA-47F3-83EA-A1F39BC3F5D7}.Release|Any CPU.ActiveCfg = Release|Any CPU
		{06A35ED3-76EA-47F3-83EA-A1F39BC3F5D7}.Release|Any CPU.Build.0 = Release|Any CPU
		{BD3159AA-4A81-4DDB-BDB7-6E262FBE41D0}.Debug|Any CPU.ActiveCfg = Debug|Any CPU
		{BD3159AA-4A81-4DDB-BDB7-6E262FBE41D0}.Debug|Any CPU.Build.0 = Debug|Any CPU
		{BD3159AA-4A81-4DDB-BDB7-6E262FBE41D0}.Release|Any CPU.ActiveCfg = Release|Any CPU
		{BD3159AA-4A81-4DDB-BDB7-6E262FBE41D0}.Release|Any CPU.Build.0 = Release|Any CPU
	EndGlobalSection
EndGlobal
