
Microsoft Visual Studio Solution File, Format Version 12.00
# Visual Studio 15
VisualStudioVersion = 15.0.27130.2036
MinimumVisualStudioVersion = 10.0.40219.1
Project("{9A19103F-16F7-4668-BE54-9A1E7A4F7556}") = "LdapExample", "LdapExample.csproj", "{DE7C86D7-C507-4B1A-A8D6-9178A7F37CA6}"
EndProject
Project("{9A19103F-16F7-4668-BE54-9A1E7A4F7556}") = "LdapForNet", "..\..\LdapForNet\LdapForNet.csproj", "{004EA428-8A0D-49B4-A26D-0B40E38E3597}"
EndProject
Global
	GlobalSection(SolutionConfigurationPlatforms) = preSolution
		Debug|Any CPU = Debug|Any CPU
		Release|Any CPU = Release|Any CPU
	EndGlobalSection
	GlobalSection(ProjectConfigurationPlatforms) = postSolution
		{DE7C86D7-C507-4B1A-A8D6-9178A7F37CA6}.Debug|Any CPU.ActiveCfg = Debug|Any CPU
		{DE7C86D7-C507-4B1A-A8D6-9178A7F37CA6}.Debug|Any CPU.Build.0 = Debug|Any CPU
		{DE7C86D7-C507-4B1A-A8D6-9178A7F37CA6}.Release|Any CPU.ActiveCfg = Release|Any CPU
		{DE7C86D7-C507-4B1A-A8D6-9178A7F37CA6}.Release|Any CPU.Build.0 = Release|Any CPU
		{004EA428-8A0D-49B4-A26D-0B40E38E3597}.Debug|Any CPU.ActiveCfg = Debug|Any CPU
		{004EA428-8A0D-49B4-A26D-0B40E38E3597}.Debug|Any CPU.Build.0 = Debug|Any CPU
		{004EA428-8A0D-49B4-A26D-0B40E38E3597}.Release|Any CPU.ActiveCfg = Release|Any CPU
		{004EA428-8A0D-49B4-A26D-0B40E38E3597}.Release|Any CPU.Build.0 = Release|Any CPU
	EndGlobalSection
	GlobalSection(SolutionProperties) = preSolution
		HideSolutionNode = FALSE
	EndGlobalSection
	GlobalSection(ExtensibilityGlobals) = postSolution
		SolutionGuid = {28DD6A41-C05D-4C0F-A549-03A9E6D7190D}
	EndGlobalSection
EndGlobal
